
Microsoft Visual Studio Solution File, Format Version 12.00
# Visual Studio Version 17
VisualStudioVersion = 17.11.35303.130
MinimumVisualStudioVersion = 10.0.40219.1
Project("{2150E333-8FDC-42A3-9474-1A3956D46DE8}") = "Task0", "Task0", "{BDEBDC38-BD0F-412E-A8D3-4560792A4745}"
EndProject
Project("{9A19103F-16F7-4668-BE54-9A1E7A4F7556}") = "Tyuiu.MyshakinD.Sprint3.Task0.V19", "Tyuiu.MyshakinD.Sprint3.Task0.V19\Tyuiu.MyshakinD.Sprint3.Task0.V19.csproj", "{13ACEA54-2951-4AD3-9E86-6383501D2E23}"
EndProject
Project("{9A19103F-16F7-4668-BE54-9A1E7A4F7556}") = "Tyuiu.MyshakinD.Sprint3.Task0.V19.Lib", "Tyuiu.MyshakinD.Sprint3.Task0.V19.Lib\Tyuiu.MyshakinD.Sprint3.Task0.V19.Lib.csproj", "{462C7CDC-444A-4A2D-86B4-5507420E5FBE}"
EndProject
Project("{9A19103F-16F7-4668-BE54-9A1E7A4F7556}") = "Tyuiu.MyshakinD.Sprint3.Task0.V19.Test", "Tyuiu.MyshakinD.Sprint3.Task0.V19.Test\Tyuiu.MyshakinD.Sprint3.Task0.V19.Test.csproj", "{C1C044E3-EA2D-4967-8F97-469F627E7A6F}"
EndProject
Project("{2150E333-8FDC-42A3-9474-1A3956D46DE8}") = "Task1", "Task1", "{91E4AD72-39A0-4262-83EE-7407128E776C}"
EndProject
Project("{9A19103F-16F7-4668-BE54-9A1E7A4F7556}") = "Tyuiu.MyshakinD.Sprint3.Task1.V2", "Tyuiu.MyshakinD.Sprint3.Task1.V2\Tyuiu.MyshakinD.Sprint3.Task1.V2.csproj", "{93C13199-99C7-42B3-8704-DDB89D2436F3}"
EndProject
Project("{9A19103F-16F7-4668-BE54-9A1E7A4F7556}") = "Tyuiu.MyshakinD.Sprint3.Task1.V2.Lib", "Tyuiu.MyshakinD.Sprint3.Task1.V2.Lib\Tyuiu.MyshakinD.Sprint3.Task1.V2.Lib.csproj", "{EC54DAAE-6D27-4C03-BCD5-5465332E02B2}"
EndProject
Project("{9A19103F-16F7-4668-BE54-9A1E7A4F7556}") = "Tyuiu.MyshakinD.Sprint3.Task1.V2.Test", "Tyuiu.MyshakinD.Sprint3.Task1.V2.Test\Tyuiu.MyshakinD.Sprint3.Task1.V2.Test.csproj", "{D2A55A6F-4525-490C-BCA1-B45395A080AE}"
EndProject
Project("{2150E333-8FDC-42A3-9474-1A3956D46DE8}") = "Task2", "Task2", "{C0FD3683-DE11-4AFB-8A1E-F106D1B50047}"
EndProject
Project("{9A19103F-16F7-4668-BE54-9A1E7A4F7556}") = "Tyuiu.MyshakinD.Sprint3.Task2.V1", "Tyuiu.MyshakinD.Sprint3.Task2.V1\Tyuiu.MyshakinD.Sprint3.Task2.V1.csproj", "{01092BEF-3EF5-4652-BE73-EC4E4BCBAC5A}"
EndProject
Project("{9A19103F-16F7-4668-BE54-9A1E7A4F7556}") = "Tyuiu.MyshakinD.Sprint3.Task2.V1.Lib", "Tyuiu.MyshakinD.Sprint3.Task2.V1.Lib\Tyuiu.MyshakinD.Sprint3.Task2.V1.Lib.csproj", "{CAC1DB2F-E978-4ABE-B2C7-CEFFE8CBF41E}"
EndProject
Project("{9A19103F-16F7-4668-BE54-9A1E7A4F7556}") = "Tyuiu.MyshakinD.Sprint3.Task2.V1.Test", "Tyuiu.MyshakinD.Sprint3.Task2.V1.Test\Tyuiu.MyshakinD.Sprint3.Task2.V1.Test.csproj", "{ED1D1706-A3CB-4EC6-9C8A-13F506CAFACB}"
EndProject
Project("{2150E333-8FDC-42A3-9474-1A3956D46DE8}") = "Task3", "Task3", "{B6D4A568-6057-42C6-AAF9-2A32FA7F5F4B}"
EndProject
Project("{9A19103F-16F7-4668-BE54-9A1E7A4F7556}") = "Tyuiu.MyshakinD.Sprint3.Task3.V24", "Tyuiu.MyshakinD.Sprint3.Task3.V24\Tyuiu.MyshakinD.Sprint3.Task3.V24.csproj", "{2EEDC2AA-98D1-4BD6-B689-DE3AF440F4DE}"
EndProject
Project("{9A19103F-16F7-4668-BE54-9A1E7A4F7556}") = "Tyuiu.MyshakinD.Sprint3.Task3.V24.Lib", "Tyuiu.MyshakinD.Sprint3.Task3.V24.Lib\Tyuiu.MyshakinD.Sprint3.Task3.V24.Lib.csproj", "{75CFC2A6-2A23-45F3-A33D-08293CC4C237}"
EndProject
Project("{9A19103F-16F7-4668-BE54-9A1E7A4F7556}") = "Tyuiu.MyshakinD.Sprint3.Task3.V24.Test", "Tyuiu.MyshakinD.Sprint3.Task3.V24.Test\Tyuiu.MyshakinD.Sprint3.Task3.V24.Test.csproj", "{F4476AF0-1114-4C9A-93B2-C4B6D2992643}"
EndProject
Project("{2150E333-8FDC-42A3-9474-1A3956D46DE8}") = "Task4", "Task4", "{01C86998-06B6-4681-B467-5A1D91E58F7F}"
EndProject
Project("{9A19103F-16F7-4668-BE54-9A1E7A4F7556}") = "Tyuiu.MyshakinD.Sprint3.Task4.V1", "Tyuiu.MyshakinD.Sprint3.Task4.V1\Tyuiu.MyshakinD.Sprint3.Task4.V1.csproj", "{7F9003BA-6FC6-4CEF-B0E4-A8B7484AFE32}"
EndProject
Project("{9A19103F-16F7-4668-BE54-9A1E7A4F7556}") = "Tyuiu.MyshakinD.Sprint3.Task4.V1.Lib", "Tyuiu.MyshakinD.Sprint3.Task4.V1.Lib\Tyuiu.MyshakinD.Sprint3.Task4.V1.Lib.csproj", "{000A2F75-CA24-49FB-A463-17B664BBF97F}"
EndProject
Project("{9A19103F-16F7-4668-BE54-9A1E7A4F7556}") = "Tyuiu.MyshakinD.Sprint3.Task4.V1.Test", "Tyuiu.MyshakinD.Sprint3.Task4.V1.Test\Tyuiu.MyshakinD.Sprint3.Task4.V1.Test.csproj", "{C7EA6F51-544D-429D-AC92-B1BAAFF67D6F}"
EndProject
Project("{2150E333-8FDC-42A3-9474-1A3956D46DE8}") = "Task5", "Task5", "{6D72DB5E-481B-4AE8-8D14-599043D908EE}"
EndProject
Project("{9A19103F-16F7-4668-BE54-9A1E7A4F7556}") = "Tyuiu.MyshakinD.Sprint3.Task5.V30", "Tyuiu.MyshakinD.Sprint3.Task5.V30\Tyuiu.MyshakinD.Sprint3.Task5.V30.csproj", "{987312EF-3561-49D3-ACE1-1A02B3C7E6F8}"
EndProject
Project("{9A19103F-16F7-4668-BE54-9A1E7A4F7556}") = "Tyuiu.MyshakinD.Sprint3.Task5.V30.Lib", "Tyuiu.MyshakinD.Sprint3.Task5.V30.Lib\Tyuiu.MyshakinD.Sprint3.Task5.V30.Lib.csproj", "{D09CC275-CF25-42A9-8A03-46983B92290C}"
EndProject
Project("{9A19103F-16F7-4668-BE54-9A1E7A4F7556}") = "Tyuiu.MyshakinD.Sprint3.Task5.V30.Test", "Tyuiu.MyshakinD.Sprint3.Task5.V30.Test\Tyuiu.MyshakinD.Sprint3.Task5.V30.Test.csproj", "{13C1B935-3FED-40E0-88BD-F2DCBA239A7A}"
EndProject
Project("{2150E333-8FDC-42A3-9474-1A3956D46DE8}") = "Task6", "Task6", "{3189F6EF-0B27-467D-998C-930966FED793}"
EndProject
Project("{FAE04EC0-301F-11D3-BF4B-00C04F79EFBC}") = "Tyuiu.MyshakinD.Sprint3.Task6.V25", "Tyuiu.MyshakinD.Sprint3.Task6.V25\Tyuiu.MyshakinD.Sprint3.Task6.V25.csproj", "{19D51799-66A5-42CD-8E64-79217F47FD34}"
EndProject
Project("{FAE04EC0-301F-11D3-BF4B-00C04F79EFBC}") = "Tyuiu.MyshakinD.Sprint3.Task6.V25.Lib", "Tyuiu.MyshakinD.Sprint3.Task6.V25.Lib\Tyuiu.MyshakinD.Sprint3.Task6.V25.Lib.csproj", "{E734F6FB-1AD5-4E50-BDF1-78B2E661D574}"
EndProject
Project("{FAE04EC0-301F-11D3-BF4B-00C04F79EFBC}") = "Tyuiu.MyshakinD.Sprint3.Task6.V25.Test", "Tyuiu.MyshakinD.Sprint3.Task6.V25.Test\Tyuiu.MyshakinD.Sprint3.Task6.V25.Test.csproj", "{B5308120-CF33-4F7A-AA4D-D96EC0B5BA53}"
EndProject
Global
	GlobalSection(SolutionConfigurationPlatforms) = preSolution
		Debug|Any CPU = Debug|Any CPU
		Release|Any CPU = Release|Any CPU
	EndGlobalSection
	GlobalSection(ProjectConfigurationPlatforms) = postSolution
		{13ACEA54-2951-4AD3-9E86-6383501D2E23}.Debug|Any CPU.ActiveCfg = Debug|Any CPU
		{13ACEA54-2951-4AD3-9E86-6383501D2E23}.Debug|Any CPU.Build.0 = Debug|Any CPU
		{13ACEA54-2951-4AD3-9E86-6383501D2E23}.Release|Any CPU.ActiveCfg = Release|Any CPU
		{13ACEA54-2951-4AD3-9E86-6383501D2E23}.Release|Any CPU.Build.0 = Release|Any CPU
		{462C7CDC-444A-4A2D-86B4-5507420E5FBE}.Debug|Any CPU.ActiveCfg = Debug|Any CPU
		{462C7CDC-444A-4A2D-86B4-5507420E5FBE}.Debug|Any CPU.Build.0 = Debug|Any CPU
		{462C7CDC-444A-4A2D-86B4-5507420E5FBE}.Release|Any CPU.ActiveCfg = Release|Any CPU
		{462C7CDC-444A-4A2D-86B4-5507420E5FBE}.Release|Any CPU.Build.0 = Release|Any CPU
		{C1C044E3-EA2D-4967-8F97-469F627E7A6F}.Debug|Any CPU.ActiveCfg = Debug|Any CPU
		{C1C044E3-EA2D-4967-8F97-469F627E7A6F}.Debug|Any CPU.Build.0 = Debug|Any CPU
		{C1C044E3-EA2D-4967-8F97-469F627E7A6F}.Release|Any CPU.ActiveCfg = Release|Any CPU
		{C1C044E3-EA2D-4967-8F97-469F627E7A6F}.Release|Any CPU.Build.0 = Release|Any CPU
		{93C13199-99C7-42B3-8704-DDB89D2436F3}.Debug|Any CPU.ActiveCfg = Debug|Any CPU
		{93C13199-99C7-42B3-8704-DDB89D2436F3}.Debug|Any CPU.Build.0 = Debug|Any CPU
		{93C13199-99C7-42B3-8704-DDB89D2436F3}.Release|Any CPU.ActiveCfg = Release|Any CPU
		{93C13199-99C7-42B3-8704-DDB89D2436F3}.Release|Any CPU.Build.0 = Release|Any CPU
		{EC54DAAE-6D27-4C03-BCD5-5465332E02B2}.Debug|Any CPU.ActiveCfg = Debug|Any CPU
		{EC54DAAE-6D27-4C03-BCD5-5465332E02B2}.Debug|Any CPU.Build.0 = Debug|Any CPU
		{EC54DAAE-6D27-4C03-BCD5-5465332E02B2}.Release|Any CPU.ActiveCfg = Release|Any CPU
		{EC54DAAE-6D27-4C03-BCD5-5465332E02B2}.Release|Any CPU.Build.0 = Release|Any CPU
		{D2A55A6F-4525-490C-BCA1-B45395A080AE}.Debug|Any CPU.ActiveCfg = Debug|Any CPU
		{D2A55A6F-4525-490C-BCA1-B45395A080AE}.Debug|Any CPU.Build.0 = Debug|Any CPU
		{D2A55A6F-4525-490C-BCA1-B45395A080AE}.Release|Any CPU.ActiveCfg = Release|Any CPU
		{D2A55A6F-4525-490C-BCA1-B45395A080AE}.Release|Any CPU.Build.0 = Release|Any CPU
		{01092BEF-3EF5-4652-BE73-EC4E4BCBAC5A}.Debug|Any CPU.ActiveCfg = Debug|Any CPU
		{01092BEF-3EF5-4652-BE73-EC4E4BCBAC5A}.Debug|Any CPU.Build.0 = Debug|Any CPU
		{01092BEF-3EF5-4652-BE73-EC4E4BCBAC5A}.Release|Any CPU.ActiveCfg = Release|Any CPU
		{01092BEF-3EF5-4652-BE73-EC4E4BCBAC5A}.Release|Any CPU.Build.0 = Release|Any CPU
		{CAC1DB2F-E978-4ABE-B2C7-CEFFE8CBF41E}.Debug|Any CPU.ActiveCfg = Debug|Any CPU
		{CAC1DB2F-E978-4ABE-B2C7-CEFFE8CBF41E}.Debug|Any CPU.Build.0 = Debug|Any CPU
		{CAC1DB2F-E978-4ABE-B2C7-CEFFE8CBF41E}.Release|Any CPU.ActiveCfg = Release|Any CPU
		{CAC1DB2F-E978-4ABE-B2C7-CEFFE8CBF41E}.Release|Any CPU.Build.0 = Release|Any CPU
		{ED1D1706-A3CB-4EC6-9C8A-13F506CAFACB}.Debug|Any CPU.ActiveCfg = Debug|Any CPU
		{ED1D1706-A3CB-4EC6-9C8A-13F506CAFACB}.Debug|Any CPU.Build.0 = Debug|Any CPU
		{ED1D1706-A3CB-4EC6-9C8A-13F506CAFACB}.Release|Any CPU.ActiveCfg = Release|Any CPU
		{ED1D1706-A3CB-4EC6-9C8A-13F506CAFACB}.Release|Any CPU.Build.0 = Release|Any CPU
		{2EEDC2AA-98D1-4BD6-B689-DE3AF440F4DE}.Debug|Any CPU.ActiveCfg = Debug|Any CPU
		{2EEDC2AA-98D1-4BD6-B689-DE3AF440F4DE}.Debug|Any CPU.Build.0 = Debug|Any CPU
		{2EEDC2AA-98D1-4BD6-B689-DE3AF440F4DE}.Release|Any CPU.ActiveCfg = Release|Any CPU
		{2EEDC2AA-98D1-4BD6-B689-DE3AF440F4DE}.Release|Any CPU.Build.0 = Release|Any CPU
		{75CFC2A6-2A23-45F3-A33D-08293CC4C237}.Debug|Any CPU.ActiveCfg = Debug|Any CPU
		{75CFC2A6-2A23-45F3-A33D-08293CC4C237}.Debug|Any CPU.Build.0 = Debug|Any CPU
		{75CFC2A6-2A23-45F3-A33D-08293CC4C237}.Release|Any CPU.ActiveCfg = Release|Any CPU
		{75CFC2A6-2A23-45F3-A33D-08293CC4C237}.Release|Any CPU.Build.0 = Release|Any CPU
		{F4476AF0-1114-4C9A-93B2-C4B6D2992643}.Debug|Any CPU.ActiveCfg = Debug|Any CPU
		{F4476AF0-1114-4C9A-93B2-C4B6D2992643}.Debug|Any CPU.Build.0 = Debug|Any CPU
		{F4476AF0-1114-4C9A-93B2-C4B6D2992643}.Release|Any CPU.ActiveCfg = Release|Any CPU
		{F4476AF0-1114-4C9A-93B2-C4B6D2992643}.Release|Any CPU.Build.0 = Release|Any CPU
		{7F9003BA-6FC6-4CEF-B0E4-A8B7484AFE32}.Debug|Any CPU.ActiveCfg = Debug|Any CPU
		{7F9003BA-6FC6-4CEF-B0E4-A8B7484AFE32}.Debug|Any CPU.Build.0 = Debug|Any CPU
		{7F9003BA-6FC6-4CEF-B0E4-A8B7484AFE32}.Release|Any CPU.ActiveCfg = Release|Any CPU
		{7F9003BA-6FC6-4CEF-B0E4-A8B7484AFE32}.Release|Any CPU.Build.0 = Release|Any CPU
		{000A2F75-CA24-49FB-A463-17B664BBF97F}.Debug|Any CPU.ActiveCfg = Debug|Any CPU
		{000A2F75-CA24-49FB-A463-17B664BBF97F}.Debug|Any CPU.Build.0 = Debug|Any CPU
		{000A2F75-CA24-49FB-A463-17B664BBF97F}.Release|Any CPU.ActiveCfg = Release|Any CPU
		{000A2F75-CA24-49FB-A463-17B664BBF97F}.Release|Any CPU.Build.0 = Release|Any CPU
		{C7EA6F51-544D-429D-AC92-B1BAAFF67D6F}.Debug|Any CPU.ActiveCfg = Debug|Any CPU
		{C7EA6F51-544D-429D-AC92-B1BAAFF67D6F}.Debug|Any CPU.Build.0 = Debug|Any CPU
		{C7EA6F51-544D-429D-AC92-B1BAAFF67D6F}.Release|Any CPU.ActiveCfg = Release|Any CPU
		{C7EA6F51-544D-429D-AC92-B1BAAFF67D6F}.Release|Any CPU.Build.0 = Release|Any CPU
		{987312EF-3561-49D3-ACE1-1A02B3C7E6F8}.Debug|Any CPU.ActiveCfg = Debug|Any CPU
		{987312EF-3561-49D3-ACE1-1A02B3C7E6F8}.Debug|Any CPU.Build.0 = Debug|Any CPU
		{987312EF-3561-49D3-ACE1-1A02B3C7E6F8}.Release|Any CPU.ActiveCfg = Release|Any CPU
		{987312EF-3561-49D3-ACE1-1A02B3C7E6F8}.Release|Any CPU.Build.0 = Release|Any CPU
		{D09CC275-CF25-42A9-8A03-46983B92290C}.Debug|Any CPU.ActiveCfg = Debug|Any CPU
		{D09CC275-CF25-42A9-8A03-46983B92290C}.Debug|Any CPU.Build.0 = Debug|Any CPU
		{D09CC275-CF25-42A9-8A03-46983B92290C}.Release|Any CPU.ActiveCfg = Release|Any CPU
		{D09CC275-CF25-42A9-8A03-46983B92290C}.Release|Any CPU.Build.0 = Release|Any CPU
		{13C1B935-3FED-40E0-88BD-F2DCBA239A7A}.Debug|Any CPU.ActiveCfg = Debug|Any CPU
		{13C1B935-3FED-40E0-88BD-F2DCBA239A7A}.Debug|Any CPU.Build.0 = Debug|Any CPU
		{13C1B935-3FED-40E0-88BD-F2DCBA239A7A}.Release|Any CPU.ActiveCfg = Release|Any CPU
		{13C1B935-3FED-40E0-88BD-F2DCBA239A7A}.Release|Any CPU.Build.0 = Release|Any CPU
		{19D51799-66A5-42CD-8E64-79217F47FD34}.Debug|Any CPU.ActiveCfg = Debug|Any CPU
		{19D51799-66A5-42CD-8E64-79217F47FD34}.Debug|Any CPU.Build.0 = Debug|Any CPU
		{19D51799-66A5-42CD-8E64-79217F47FD34}.Release|Any CPU.ActiveCfg = Release|Any CPU
		{19D51799-66A5-42CD-8E64-79217F47FD34}.Release|Any CPU.Build.0 = Release|Any CPU
		{E734F6FB-1AD5-4E50-BDF1-78B2E661D574}.Debug|Any CPU.ActiveCfg = Debug|Any CPU
		{E734F6FB-1AD5-4E50-BDF1-78B2E661D574}.Debug|Any CPU.Build.0 = Debug|Any CPU
		{E734F6FB-1AD5-4E50-BDF1-78B2E661D574}.Release|Any CPU.ActiveCfg = Release|Any CPU
		{E734F6FB-1AD5-4E50-BDF1-78B2E661D574}.Release|Any CPU.Build.0 = Release|Any CPU
		{B5308120-CF33-4F7A-AA4D-D96EC0B5BA53}.Debug|Any CPU.ActiveCfg = Debug|Any CPU
		{B5308120-CF33-4F7A-AA4D-D96EC0B5BA53}.Debug|Any CPU.Build.0 = Debug|Any CPU
		{B5308120-CF33-4F7A-AA4D-D96EC0B5BA53}.Release|Any CPU.ActiveCfg = Release|Any CPU
		{B5308120-CF33-4F7A-AA4D-D96EC0B5BA53}.Release|Any CPU.Build.0 = Release|Any CPU
	EndGlobalSection
	GlobalSection(SolutionProperties) = preSolution
		HideSolutionNode = FALSE
	EndGlobalSection
	GlobalSection(NestedProjects) = preSolution
		{13ACEA54-2951-4AD3-9E86-6383501D2E23} = {BDEBDC38-BD0F-412E-A8D3-4560792A4745}
		{462C7CDC-444A-4A2D-86B4-5507420E5FBE} = {BDEBDC38-BD0F-412E-A8D3-4560792A4745}
		{C1C044E3-EA2D-4967-8F97-469F627E7A6F} = {BDEBDC38-BD0F-412E-A8D3-4560792A4745}
		{93C13199-99C7-42B3-8704-DDB89D2436F3} = {91E4AD72-39A0-4262-83EE-7407128E776C}
		{EC54DAAE-6D27-4C03-BCD5-5465332E02B2} = {91E4AD72-39A0-4262-83EE-7407128E776C}
		{D2A55A6F-4525-490C-BCA1-B45395A080AE} = {91E4AD72-39A0-4262-83EE-7407128E776C}
		{01092BEF-3EF5-4652-BE73-EC4E4BCBAC5A} = {C0FD3683-DE11-4AFB-8A1E-F106D1B50047}
		{CAC1DB2F-E978-4ABE-B2C7-CEFFE8CBF41E} = {C0FD3683-DE11-4AFB-8A1E-F106D1B50047}
		{ED1D1706-A3CB-4EC6-9C8A-13F506CAFACB} = {C0FD3683-DE11-4AFB-8A1E-F106D1B50047}
		{2EEDC2AA-98D1-4BD6-B689-DE3AF440F4DE} = {B6D4A568-6057-42C6-AAF9-2A32FA7F5F4B}
		{75CFC2A6-2A23-45F3-A33D-08293CC4C237} = {B6D4A568-6057-42C6-AAF9-2A32FA7F5F4B}
		{F4476AF0-1114-4C9A-93B2-C4B6D2992643} = {B6D4A568-6057-42C6-AAF9-2A32FA7F5F4B}
		{7F9003BA-6FC6-4CEF-B0E4-A8B7484AFE32} = {01C86998-06B6-4681-B467-5A1D91E58F7F}
		{000A2F75-CA24-49FB-A463-17B664BBF97F} = {01C86998-06B6-4681-B467-5A1D91E58F7F}
		{C7EA6F51-544D-429D-AC92-B1BAAFF67D6F} = {01C86998-06B6-4681-B467-5A1D91E58F7F}
		{987312EF-3561-49D3-ACE1-1A02B3C7E6F8} = {6D72DB5E-481B-4AE8-8D14-599043D908EE}
		{D09CC275-CF25-42A9-8A03-46983B92290C} = {6D72DB5E-481B-4AE8-8D14-599043D908EE}
		{13C1B935-3FED-40E0-88BD-F2DCBA239A7A} = {6D72DB5E-481B-4AE8-8D14-599043D908EE}
		{19D51799-66A5-42CD-8E64-79217F47FD34} = {3189F6EF-0B27-467D-998C-930966FED793}
		{E734F6FB-1AD5-4E50-BDF1-78B2E661D574} = {3189F6EF-0B27-467D-998C-930966FED793}
		{B5308120-CF33-4F7A-AA4D-D96EC0B5BA53} = {3189F6EF-0B27-467D-998C-930966FED793}
	EndGlobalSection
	GlobalSection(ExtensibilityGlobals) = postSolution
		SolutionGuid = {EA9FA7D2-EF6C-4C06-B18C-73EDF3778E64}
	EndGlobalSection
EndGlobal
